
Microsoft Visual Studio Solution File, Format Version 12.00
# Visual Studio Version 17
VisualStudioVersion = 17.8.34525.116
MinimumVisualStudioVersion = 10.0.40219.1
Project("{8BC9CEB8-8B4A-11D0-8D11-00A0C91BC942}") = "RemoteCtrl", "RemoteCtrl\RemoteCtrl.vcxproj", "{E6CDEB2B-DBC1-44B2-ABD7-AE5EDD3B145E}"
EndProject
Project("{8BC9CEB8-8B4A-11D0-8D11-00A0C91BC942}") = "RemoteClient", "RemoteClient\RemoteClient.vcxproj", "{03932969-9175-4BED-A59A-F5A485AB2C12}"
EndProject
Project("{2150E333-8FDC-42A3-9474-1A3956D46DE8}") = "解决方案项", "解决方案项", "{4A955DA2-C495-4BAD-8BEE-4D79F47304A2}"
	ProjectSection(SolutionItems) = preProject
		远程控制系统设计.uml = 远程控制系统设计.uml
	EndProjectSection
EndProject
Global
	GlobalSection(SolutionConfigurationPlatforms) = preSolution
		Debug|x64 = Debug|x64
		Debug|x86 = Debug|x86
		Release|x64 = Release|x64
		Release|x86 = Release|x86
	EndGlobalSection
	GlobalSection(ProjectConfigurationPlatforms) = postSolution
		{E6CDEB2B-DBC1-44B2-ABD7-AE5EDD3B145E}.Debug|x64.ActiveCfg = Debug|x64
		{E6CDEB2B-DBC1-44B2-ABD7-AE5EDD3B145E}.Debug|x64.Build.0 = Debug|x64
		{E6CDEB2B-DBC1-44B2-ABD7-AE5EDD3B145E}.Debug|x86.ActiveCfg = Debug|Win32
		{E6CDEB2B-DBC1-44B2-ABD7-AE5EDD3B145E}.Debug|x86.Build.0 = Debug|Win32
		{E6CDEB2B-DBC1-44B2-ABD7-AE5EDD3B145E}.Release|x64.ActiveCfg = Release|x64
		{E6CDEB2B-DBC1-44B2-ABD7-AE5EDD3B145E}.Release|x64.Build.0 = Release|x64
		{E6CDEB2B-DBC1-44B2-ABD7-AE5EDD3B145E}.Release|x86.ActiveCfg = Release|Win32
		{E6CDEB2B-DBC1-44B2-ABD7-AE5EDD3B145E}.Release|x86.Build.0 = Release|Win32
		{03932969-9175-4BED-A59A-F5A485AB2C12}.Debug|x64.ActiveCfg = Debug|x64
		{03932969-9175-4BED-A59A-F5A485AB2C12}.Debug|x64.Build.0 = Debug|x64
		{03932969-9175-4BED-A59A-F5A485AB2C12}.Debug|x86.ActiveCfg = Debug|Win32
		{03932969-9175-4BED-A59A-F5A485AB2C12}.Debug|x86.Build.0 = Debug|Win32
		{03932969-9175-4BED-A59A-F5A485AB2C12}.Release|x64.ActiveCfg = Release|x64
		{03932969-9175-4BED-A59A-F5A485AB2C12}.Release|x64.Build.0 = Release|x64
		{03932969-9175-4BED-A59A-F5A485AB2C12}.Release|x86.ActiveCfg = Release|Win32
		{03932969-9175-4BED-A59A-F5A485AB2C12}.Release|x86.Build.0 = Release|Win32
	EndGlobalSection
	GlobalSection(SolutionProperties) = preSolution
		HideSolutionNode = FALSE
	EndGlobalSection
	GlobalSection(ExtensibilityGlobals) = postSolution
		SolutionGuid = {A173C81D-3F24-45EF-945C-2852F0C0FD82}
	EndGlobalSection
EndGlobal
